// !$*UTF8*$!
{
	archiveVersion = 1;
	classes = {
	};
	objectVersion = 50;
	objects = {

/* Begin PBXBuildFile section */
		1E261F072355CB13008ACF6C /* MainWeatherView.swift in Sources */ = {isa = PBXBuildFile; fileRef = 1E261F062355CB13008ACF6C /* MainWeatherView.swift */; };
		1E261F092355DFFE008ACF6C /* CityListView.swift in Sources */ = {isa = PBXBuildFile; fileRef = 1E261F082355DFFE008ACF6C /* CityListView.swift */; };
		1E8A418323531F12007B4542 /* AppDelegate.swift in Sources */ = {isa = PBXBuildFile; fileRef = 1E8A418223531F12007B4542 /* AppDelegate.swift */; };
		1E8A418523531F12007B4542 /* SceneDelegate.swift in Sources */ = {isa = PBXBuildFile; fileRef = 1E8A418423531F12007B4542 /* SceneDelegate.swift */; };
		1E8A418923531F14007B4542 /* Assets.xcassets in Resources */ = {isa = PBXBuildFile; fileRef = 1E8A418823531F14007B4542 /* Assets.xcassets */; };
		1E8A418C23531F14007B4542 /* Preview Assets.xcassets in Resources */ = {isa = PBXBuildFile; fileRef = 1E8A418B23531F14007B4542 /* Preview Assets.xcassets */; };
		1E8A418F23531F14007B4542 /* LaunchScreen.storyboard in Resources */ = {isa = PBXBuildFile; fileRef = 1E8A418D23531F14007B4542 /* LaunchScreen.storyboard */; };
		1E8A41982353213F007B4542 /* WeatherManager.swift in Sources */ = {isa = PBXBuildFile; fileRef = 1E8A41972353213F007B4542 /* WeatherManager.swift */; };
		1E8A419B2353215D007B4542 /* LocationManager.swift in Sources */ = {isa = PBXBuildFile; fileRef = 1E8A419A2353215D007B4542 /* LocationManager.swift */; };
		1E8A419F235331A9007B4542 /* Home.swift in Sources */ = {isa = PBXBuildFile; fileRef = 1E8A419E235331A9007B4542 /* Home.swift */; };
		1E8A41A123534674007B4542 /* UserData.swift in Sources */ = {isa = PBXBuildFile; fileRef = 1E8A41A023534674007B4542 /* UserData.swift */; };
		1E8A41A32353563D007B4542 /* AnHourColumn.swift in Sources */ = {isa = PBXBuildFile; fileRef = 1E8A41A22353563D007B4542 /* AnHourColumn.swift */; };
		1E8A41A52353565E007B4542 /* OneDayRow.swift in Sources */ = {isa = PBXBuildFile; fileRef = 1E8A41A42353565E007B4542 /* OneDayRow.swift */; };
		1E8A41A8235368E9007B4542 /* RingGraph.swift in Sources */ = {isa = PBXBuildFile; fileRef = 1E8A41A7235368E9007B4542 /* RingGraph.swift */; };
		1ECE9888235418A600A6E6C7 /* WeatherAPI.swift in Sources */ = {isa = PBXBuildFile; fileRef = 1ECE9887235418A500A6E6C7 /* WeatherAPI.swift */; };
		1ECE988A23541EB800A6E6C7 /* AirAPI.swift in Sources */ = {isa = PBXBuildFile; fileRef = 1ECE988923541EB800A6E6C7 /* AirAPI.swift */; };
		1ECE988E235486A800A6E6C7 /* weatherData.json in Resources */ = {isa = PBXBuildFile; fileRef = 1ECE988D235486A800A6E6C7 /* weatherData.json */; };
		1ECE989023549C8200A6E6C7 /* airData.json in Resources */ = {isa = PBXBuildFile; fileRef = 1ECE988F23549C8200A6E6C7 /* airData.json */; };
		1ECE98922354BD5B00A6E6C7 /* HourlyForecastScroll.swift in Sources */ = {isa = PBXBuildFile; fileRef = 1ECE98912354BD5B00A6E6C7 /* HourlyForecastScroll.swift */; };
		1ECE98942354C18600A6E6C7 /* WeatherIcons.xcassets in Resources */ = {isa = PBXBuildFile; fileRef = 1ECE98932354C18600A6E6C7 /* WeatherIcons.xcassets */; };
		1ECE98962354C45E00A6E6C7 /* DailyForecastList.swift in Sources */ = {isa = PBXBuildFile; fileRef = 1ECE98952354C45E00A6E6C7 /* DailyForecastList.swift */; };
		1ECE9898235562D900A6E6C7 /* AirIndexView.swift in Sources */ = {isa = PBXBuildFile; fileRef = 1ECE9897235562D900A6E6C7 /* AirIndexView.swift */; };
		1ECE989A23556B5200A6E6C7 /* SettingView.swift in Sources */ = {isa = PBXBuildFile; fileRef = 1ECE989923556B5200A6E6C7 /* SettingView.swift */; };
		1ECE989C23556B9600A6E6C7 /* CityAPI.swift in Sources */ = {isa = PBXBuildFile; fileRef = 1ECE989B23556B9600A6E6C7 /* CityAPI.swift */; };
		1ECE989E23556CCE00A6E6C7 /* cityData.json in Resources */ = {isa = PBXBuildFile; fileRef = 1ECE989D23556CCE00A6E6C7 /* cityData.json */; };
		1EFAB739235C023A008EE91F /* APIKeyManager.swift in Sources */ = {isa = PBXBuildFile; fileRef = 1EFAB738235C023A008EE91F /* APIKeyManager.swift */; };
		1EFAB73C235C768D008EE91F /* WeatherApp.xcdatamodeld in Sources */ = {isa = PBXBuildFile; fileRef = 1EFAB73A235C768D008EE91F /* WeatherApp.xcdatamodeld */; };
		1EFAB744235E0426008EE91F /* DailyData+CoreDataClass.swift in Sources */ = {isa = PBXBuildFile; fileRef = 1EFAB73E235E0426008EE91F /* DailyData+CoreDataClass.swift */; };
		1EFAB745235E0426008EE91F /* DailyData+CoreDataProperties.swift in Sources */ = {isa = PBXBuildFile; fileRef = 1EFAB73F235E0426008EE91F /* DailyData+CoreDataProperties.swift */; };
		1EFAB746235E0426008EE91F /* AirData+CoreDataClass.swift in Sources */ = {isa = PBXBuildFile; fileRef = 1EFAB740235E0426008EE91F /* AirData+CoreDataClass.swift */; };
		1EFAB747235E0426008EE91F /* AirData+CoreDataProperties.swift in Sources */ = {isa = PBXBuildFile; fileRef = 1EFAB741235E0426008EE91F /* AirData+CoreDataProperties.swift */; };
		1EFAB748235E0426008EE91F /* HourlyData+CoreDataClass.swift in Sources */ = {isa = PBXBuildFile; fileRef = 1EFAB742235E0426008EE91F /* HourlyData+CoreDataClass.swift */; };
		1EFAB749235E0426008EE91F /* HourlyData+CoreDataProperties.swift in Sources */ = {isa = PBXBuildFile; fileRef = 1EFAB743235E0426008EE91F /* HourlyData+CoreDataProperties.swift */; };
		1EFAB74C236A9A7C008EE91F /* BlurView.swift in Sources */ = {isa = PBXBuildFile; fileRef = 1EFAB74B236A9A7C008EE91F /* BlurView.swift */; };
		1EFAB74E236A9B0F008EE91F /* SearchBar.swift in Sources */ = {isa = PBXBuildFile; fileRef = 1EFAB74D236A9B0F008EE91F /* SearchBar.swift */; };
		1EFAB752236AE22C008EE91F /* RefreshableScrollView.swift in Sources */ = {isa = PBXBuildFile; fileRef = 1EFAB751236AE22C008EE91F /* RefreshableScrollView.swift */; };
/* End PBXBuildFile section */

/* Begin PBXFileReference section */
		1E261F062355CB13008ACF6C /* MainWeatherView.swift */ = {isa = PBXFileReference; lastKnownFileType = sourcecode.swift; path = MainWeatherView.swift; sourceTree = "<group>"; };
		1E261F082355DFFE008ACF6C /* CityListView.swift */ = {isa = PBXFileReference; lastKnownFileType = sourcecode.swift; path = CityListView.swift; sourceTree = "<group>"; };
		1E8A417F23531F12007B4542 /* WeatherApp2.app */ = {isa = PBXFileReference; explicitFileType = wrapper.application; includeInIndex = 0; path = WeatherApp2.app; sourceTree = BUILT_PRODUCTS_DIR; };
		1E8A418223531F12007B4542 /* AppDelegate.swift */ = {isa = PBXFileReference; lastKnownFileType = sourcecode.swift; path = AppDelegate.swift; sourceTree = "<group>"; };
		1E8A418423531F12007B4542 /* SceneDelegate.swift */ = {isa = PBXFileReference; lastKnownFileType = sourcecode.swift; path = SceneDelegate.swift; sourceTree = "<group>"; };
		1E8A418823531F14007B4542 /* Assets.xcassets */ = {isa = PBXFileReference; lastKnownFileType = folder.assetcatalog; path = Assets.xcassets; sourceTree = "<group>"; };
		1E8A418B23531F14007B4542 /* Preview Assets.xcassets */ = {isa = PBXFileReference; lastKnownFileType = folder.assetcatalog; path = "Preview Assets.xcassets"; sourceTree = "<group>"; };
		1E8A418E23531F14007B4542 /* Base */ = {isa = PBXFileReference; lastKnownFileType = file.storyboard; name = Base; path = Base.lproj/LaunchScreen.storyboard; sourceTree = "<group>"; };
		1E8A419023531F14007B4542 /* Info.plist */ = {isa = PBXFileReference; lastKnownFileType = text.plist.xml; path = Info.plist; sourceTree = "<group>"; };
		1E8A419623531F30007B4542 /* README.md */ = {isa = PBXFileReference; lastKnownFileType = net.daringfireball.markdown; path = README.md; sourceTree = "<group>"; };
		1E8A41972353213F007B4542 /* WeatherManager.swift */ = {isa = PBXFileReference; lastKnownFileType = sourcecode.swift; path = WeatherManager.swift; sourceTree = "<group>"; };
		1E8A419A2353215D007B4542 /* LocationManager.swift */ = {isa = PBXFileReference; lastKnownFileType = sourcecode.swift; path = LocationManager.swift; sourceTree = "<group>"; };
		1E8A419E235331A9007B4542 /* Home.swift */ = {isa = PBXFileReference; lastKnownFileType = sourcecode.swift; path = Home.swift; sourceTree = "<group>"; };
		1E8A41A023534674007B4542 /* UserData.swift */ = {isa = PBXFileReference; lastKnownFileType = sourcecode.swift; path = UserData.swift; sourceTree = "<group>"; };
		1E8A41A22353563D007B4542 /* AnHourColumn.swift */ = {isa = PBXFileReference; lastKnownFileType = sourcecode.swift; path = AnHourColumn.swift; sourceTree = "<group>"; };
		1E8A41A42353565E007B4542 /* OneDayRow.swift */ = {isa = PBXFileReference; lastKnownFileType = sourcecode.swift; path = OneDayRow.swift; sourceTree = "<group>"; };
		1E8A41A7235368E9007B4542 /* RingGraph.swift */ = {isa = PBXFileReference; lastKnownFileType = sourcecode.swift; path = RingGraph.swift; sourceTree = "<group>"; };
		1ECE9887235418A500A6E6C7 /* WeatherAPI.swift */ = {isa = PBXFileReference; lastKnownFileType = sourcecode.swift; path = WeatherAPI.swift; sourceTree = "<group>"; };
		1ECE988923541EB800A6E6C7 /* AirAPI.swift */ = {isa = PBXFileReference; lastKnownFileType = sourcecode.swift; path = AirAPI.swift; sourceTree = "<group>"; };
		1ECE988D235486A800A6E6C7 /* weatherData.json */ = {isa = PBXFileReference; lastKnownFileType = text.json; path = weatherData.json; sourceTree = "<group>"; };
		1ECE988F23549C8200A6E6C7 /* airData.json */ = {isa = PBXFileReference; lastKnownFileType = text.json; path = airData.json; sourceTree = "<group>"; };
		1ECE98912354BD5B00A6E6C7 /* HourlyForecastScroll.swift */ = {isa = PBXFileReference; lastKnownFileType = sourcecode.swift; path = HourlyForecastScroll.swift; sourceTree = "<group>"; };
		1ECE98932354C18600A6E6C7 /* WeatherIcons.xcassets */ = {isa = PBXFileReference; lastKnownFileType = folder.assetcatalog; path = WeatherIcons.xcassets; sourceTree = "<group>"; };
		1ECE98952354C45E00A6E6C7 /* DailyForecastList.swift */ = {isa = PBXFileReference; lastKnownFileType = sourcecode.swift; path = DailyForecastList.swift; sourceTree = "<group>"; };
		1ECE9897235562D900A6E6C7 /* AirIndexView.swift */ = {isa = PBXFileReference; lastKnownFileType = sourcecode.swift; path = AirIndexView.swift; sourceTree = "<group>"; };
		1ECE989923556B5200A6E6C7 /* SettingView.swift */ = {isa = PBXFileReference; lastKnownFileType = sourcecode.swift; path = SettingView.swift; sourceTree = "<group>"; };
		1ECE989B23556B9600A6E6C7 /* CityAPI.swift */ = {isa = PBXFileReference; lastKnownFileType = sourcecode.swift; path = CityAPI.swift; sourceTree = "<group>"; };
		1ECE989D23556CCE00A6E6C7 /* cityData.json */ = {isa = PBXFileReference; lastKnownFileType = text.json; path = cityData.json; sourceTree = "<group>"; };
		1EFAB737235B270C008EE91F /* Config.xcconfig */ = {isa = PBXFileReference; lastKnownFileType = text.xcconfig; path = Config.xcconfig; sourceTree = "<group>"; };
		1EFAB738235C023A008EE91F /* APIKeyManager.swift */ = {isa = PBXFileReference; lastKnownFileType = sourcecode.swift; path = APIKeyManager.swift; sourceTree = "<group>"; };
		1EFAB73B235C768D008EE91F /* WeatherApp.xcdatamodel */ = {isa = PBXFileReference; lastKnownFileType = wrapper.xcdatamodel; path = WeatherApp.xcdatamodel; sourceTree = "<group>"; };
		1EFAB73E235E0426008EE91F /* DailyData+CoreDataClass.swift */ = {isa = PBXFileReference; lastKnownFileType = sourcecode.swift; path = "DailyData+CoreDataClass.swift"; sourceTree = "<group>"; };
		1EFAB73F235E0426008EE91F /* DailyData+CoreDataProperties.swift */ = {isa = PBXFileReference; lastKnownFileType = sourcecode.swift; path = "DailyData+CoreDataProperties.swift"; sourceTree = "<group>"; };
		1EFAB740235E0426008EE91F /* AirData+CoreDataClass.swift */ = {isa = PBXFileReference; lastKnownFileType = sourcecode.swift; path = "AirData+CoreDataClass.swift"; sourceTree = "<group>"; };
		1EFAB741235E0426008EE91F /* AirData+CoreDataProperties.swift */ = {isa = PBXFileReference; lastKnownFileType = sourcecode.swift; path = "AirData+CoreDataProperties.swift"; sourceTree = "<group>"; };
		1EFAB742235E0426008EE91F /* HourlyData+CoreDataClass.swift */ = {isa = PBXFileReference; lastKnownFileType = sourcecode.swift; path = "HourlyData+CoreDataClass.swift"; sourceTree = "<group>"; };
		1EFAB743235E0426008EE91F /* HourlyData+CoreDataProperties.swift */ = {isa = PBXFileReference; lastKnownFileType = sourcecode.swift; path = "HourlyData+CoreDataProperties.swift"; sourceTree = "<group>"; };
		1EFAB74A235E8D75008EE91F /* GPX Files */ = {isa = PBXFileReference; lastKnownFileType = folder; path = "GPX Files"; sourceTree = "<group>"; };
		1EFAB74B236A9A7C008EE91F /* BlurView.swift */ = {isa = PBXFileReference; lastKnownFileType = sourcecode.swift; path = BlurView.swift; sourceTree = "<group>"; };
		1EFAB74D236A9B0F008EE91F /* SearchBar.swift */ = {isa = PBXFileReference; lastKnownFileType = sourcecode.swift; path = SearchBar.swift; sourceTree = "<group>"; };
		1EFAB751236AE22C008EE91F /* RefreshableScrollView.swift */ = {isa = PBXFileReference; lastKnownFileType = sourcecode.swift; path = RefreshableScrollView.swift; sourceTree = "<group>"; };
/* End PBXFileReference section */

/* Begin PBXFrameworksBuildPhase section */
		1E8A417C23531F12007B4542 /* Frameworks */ = {
			isa = PBXFrameworksBuildPhase;
			buildActionMask = 2147483647;
			files = (
			);
			runOnlyForDeploymentPostprocessing = 0;
		};
/* End PBXFrameworksBuildPhase section */

/* Begin PBXGroup section */
		1E8A417623531F12007B4542 = {
			isa = PBXGroup;
			children = (
				1EFAB737235B270C008EE91F /* Config.xcconfig */,
				1E8A419623531F30007B4542 /* README.md */,
				1EFAB74A235E8D75008EE91F /* GPX Files */,
				1E8A418123531F12007B4542 /* WeatherApp2 */,
				1E8A418023531F12007B4542 /* Products */,
			);
			sourceTree = "<group>";
		};
		1E8A418023531F12007B4542 /* Products */ = {
			isa = PBXGroup;
			children = (
				1E8A417F23531F12007B4542 /* WeatherApp2.app */,
			);
			name = Products;
			sourceTree = "<group>";
		};
		1E8A418123531F12007B4542 /* WeatherApp2 */ = {
			isa = PBXGroup;
			children = (
				1E8A419023531F14007B4542 /* Info.plist */,
				1E8A418223531F12007B4542 /* AppDelegate.swift */,
				1E8A418423531F12007B4542 /* SceneDelegate.swift */,
				1E8A418D23531F14007B4542 /* LaunchScreen.storyboard */,
				1EFAB73D235C87C0008EE91F /* Core Data */,
				1E8A41A62353566A007B4542 /* Supporting Views */,
				1E8A419D23533166007B4542 /* Views */,
				1E8A419C23532D2F007B4542 /* Resources */,
				1E8A418A23531F14007B4542 /* Preview Content */,
				1E8A419923532147007B4542 /* Models */,
			);
			path = WeatherApp2;
			sourceTree = "<group>";
		};
		1E8A418A23531F14007B4542 /* Preview Content */ = {
			isa = PBXGroup;
			children = (
				1E8A418B23531F14007B4542 /* Preview Assets.xcassets */,
			);
			path = "Preview Content";
			sourceTree = "<group>";
		};
		1E8A419923532147007B4542 /* Models */ = {
			isa = PBXGroup;
			children = (
				1E8A41A023534674007B4542 /* UserData.swift */,
				1E8A41972353213F007B4542 /* WeatherManager.swift */,
				1E8A419A2353215D007B4542 /* LocationManager.swift */,
				1ECE9887235418A500A6E6C7 /* WeatherAPI.swift */,
				1ECE988923541EB800A6E6C7 /* AirAPI.swift */,
				1ECE989B23556B9600A6E6C7 /* CityAPI.swift */,
				1EFAB738235C023A008EE91F /* APIKeyManager.swift */,
			);
			path = Models;
			sourceTree = "<group>";
		};
		1E8A419C23532D2F007B4542 /* Resources */ = {
			isa = PBXGroup;
			children = (
				1E8A418823531F14007B4542 /* Assets.xcassets */,
				1ECE98932354C18600A6E6C7 /* WeatherIcons.xcassets */,
				1ECE988D235486A800A6E6C7 /* weatherData.json */,
				1ECE988F23549C8200A6E6C7 /* airData.json */,
				1ECE989D23556CCE00A6E6C7 /* cityData.json */,
			);
			path = Resources;
			sourceTree = "<group>";
		};
		1E8A419D23533166007B4542 /* Views */ = {
			isa = PBXGroup;
			children = (
				1E8A419E235331A9007B4542 /* Home.swift */,
				1ECE989923556B5200A6E6C7 /* SettingView.swift */,
				1E261F082355DFFE008ACF6C /* CityListView.swift */,
			);
			path = Views;
			sourceTree = "<group>";
		};
		1E8A41A62353566A007B4542 /* Supporting Views */ = {
			isa = PBXGroup;
			children = (
				1E8A41A22353563D007B4542 /* AnHourColumn.swift */,
				1ECE98912354BD5B00A6E6C7 /* HourlyForecastScroll.swift */,
				1E8A41A42353565E007B4542 /* OneDayRow.swift */,
				1ECE98952354C45E00A6E6C7 /* DailyForecastList.swift */,
				1ECE9897235562D900A6E6C7 /* AirIndexView.swift */,
				1E261F062355CB13008ACF6C /* MainWeatherView.swift */,
				1E8A41A7235368E9007B4542 /* RingGraph.swift */,
				1EFAB74B236A9A7C008EE91F /* BlurView.swift */,
				1EFAB74D236A9B0F008EE91F /* SearchBar.swift */,
				1EFAB751236AE22C008EE91F /* RefreshableScrollView.swift */,
			);
			path = "Supporting Views";
			sourceTree = "<group>";
		};
		1EFAB73D235C87C0008EE91F /* Core Data */ = {
			isa = PBXGroup;
			children = (
				1EFAB73E235E0426008EE91F /* DailyData+CoreDataClass.swift */,
				1EFAB73F235E0426008EE91F /* DailyData+CoreDataProperties.swift */,
				1EFAB740235E0426008EE91F /* AirData+CoreDataClass.swift */,
				1EFAB741235E0426008EE91F /* AirData+CoreDataProperties.swift */,
				1EFAB742235E0426008EE91F /* HourlyData+CoreDataClass.swift */,
				1EFAB743235E0426008EE91F /* HourlyData+CoreDataProperties.swift */,
				1EFAB73A235C768D008EE91F /* WeatherApp.xcdatamodeld */,
			);
			path = "Core Data";
			sourceTree = "<group>";
		};
/* End PBXGroup section */

/* Begin PBXNativeTarget section */
		1E8A417E23531F12007B4542 /* WeatherApp2 */ = {
			isa = PBXNativeTarget;
			buildConfigurationList = 1E8A419323531F14007B4542 /* Build configuration list for PBXNativeTarget "WeatherApp2" */;
			buildPhases = (
				1E8A417B23531F12007B4542 /* Sources */,
				1E8A417C23531F12007B4542 /* Frameworks */,
				1E8A417D23531F12007B4542 /* Resources */,
			);
			buildRules = (
			);
			dependencies = (
			);
			name = WeatherApp2;
			productName = WeatherApp2;
			productReference = 1E8A417F23531F12007B4542 /* WeatherApp2.app */;
			productType = "com.apple.product-type.application";
		};
/* End PBXNativeTarget section */

/* Begin PBXProject section */
		1E8A417723531F12007B4542 /* Project object */ = {
			isa = PBXProject;
			attributes = {
				LastSwiftUpdateCheck = 1110;
				LastUpgradeCheck = 1110;
				ORGANIZATIONNAME = "Peking University";
				TargetAttributes = {
					1E8A417E23531F12007B4542 = {
						CreatedOnToolsVersion = 11.1;
					};
				};
			};
			buildConfigurationList = 1E8A417A23531F12007B4542 /* Build configuration list for PBXProject "WeatherApp2" */;
			compatibilityVersion = "Xcode 9.3";
			developmentRegion = en;
			hasScannedForEncodings = 0;
			knownRegions = (
				en,
				Base,
			);
			mainGroup = 1E8A417623531F12007B4542;
			productRefGroup = 1E8A418023531F12007B4542 /* Products */;
			projectDirPath = "";
			projectRoot = "";
			targets = (
				1E8A417E23531F12007B4542 /* WeatherApp2 */,
			);
		};
/* End PBXProject section */

/* Begin PBXResourcesBuildPhase section */
		1E8A417D23531F12007B4542 /* Resources */ = {
			isa = PBXResourcesBuildPhase;
			buildActionMask = 2147483647;
			files = (
				1ECE988E235486A800A6E6C7 /* weatherData.json in Resources */,
				1ECE98942354C18600A6E6C7 /* WeatherIcons.xcassets in Resources */,
				1ECE989E23556CCE00A6E6C7 /* cityData.json in Resources */,
				1E8A418F23531F14007B4542 /* LaunchScreen.storyboard in Resources */,
				1ECE989023549C8200A6E6C7 /* airData.json in Resources */,
				1E8A418C23531F14007B4542 /* Preview Assets.xcassets in Resources */,
				1E8A418923531F14007B4542 /* Assets.xcassets in Resources */,
			);
			runOnlyForDeploymentPostprocessing = 0;
		};
/* End PBXResourcesBuildPhase section */

/* Begin PBXSourcesBuildPhase section */
		1E8A417B23531F12007B4542 /* Sources */ = {
			isa = PBXSourcesBuildPhase;
			buildActionMask = 2147483647;
			files = (
				1EFAB747235E0426008EE91F /* AirData+CoreDataProperties.swift in Sources */,
				1ECE9888235418A600A6E6C7 /* WeatherAPI.swift in Sources */,
				1EFAB749235E0426008EE91F /* HourlyData+CoreDataProperties.swift in Sources */,
				1E8A41A32353563D007B4542 /* AnHourColumn.swift in Sources */,
				1EFAB744235E0426008EE91F /* DailyData+CoreDataClass.swift in Sources */,
				1EFAB74C236A9A7C008EE91F /* BlurView.swift in Sources */,
				1EFAB745235E0426008EE91F /* DailyData+CoreDataProperties.swift in Sources */,
				1E8A41982353213F007B4542 /* WeatherManager.swift in Sources */,
				1E8A41A8235368E9007B4542 /* RingGraph.swift in Sources */,
				1EFAB73C235C768D008EE91F /* WeatherApp.xcdatamodeld in Sources */,
				1E261F072355CB13008ACF6C /* MainWeatherView.swift in Sources */,
				1ECE989A23556B5200A6E6C7 /* SettingView.swift in Sources */,
				1EFAB752236AE22C008EE91F /* RefreshableScrollView.swift in Sources */,
				1EFAB746235E0426008EE91F /* AirData+CoreDataClass.swift in Sources */,
				1E8A418323531F12007B4542 /* AppDelegate.swift in Sources */,
				1ECE988A23541EB800A6E6C7 /* AirAPI.swift in Sources */,
				1ECE9898235562D900A6E6C7 /* AirIndexView.swift in Sources */,
				1ECE98962354C45E00A6E6C7 /* DailyForecastList.swift in Sources */,
				1E8A41A52353565E007B4542 /* OneDayRow.swift in Sources */,
				1EFAB739235C023A008EE91F /* APIKeyManager.swift in Sources */,
				1E8A419B2353215D007B4542 /* LocationManager.swift in Sources */,
				1ECE989C23556B9600A6E6C7 /* CityAPI.swift in Sources */,
				1EFAB74E236A9B0F008EE91F /* SearchBar.swift in Sources */,
				1ECE98922354BD5B00A6E6C7 /* HourlyForecastScroll.swift in Sources */,
				1E8A418523531F12007B4542 /* SceneDelegate.swift in Sources */,
				1E261F092355DFFE008ACF6C /* CityListView.swift in Sources */,
				1E8A419F235331A9007B4542 /* Home.swift in Sources */,
				1E8A41A123534674007B4542 /* UserData.swift in Sources */,
				1EFAB748235E0426008EE91F /* HourlyData+CoreDataClass.swift in Sources */,
			);
			runOnlyForDeploymentPostprocessing = 0;
		};
/* End PBXSourcesBuildPhase section */

/* Begin PBXVariantGroup section */
		1E8A418D23531F14007B4542 /* LaunchScreen.storyboard */ = {
			isa = PBXVariantGroup;
			children = (
				1E8A418E23531F14007B4542 /* Base */,
			);
			name = LaunchScreen.storyboard;
			sourceTree = "<group>";
		};
/* End PBXVariantGroup section */

/* Begin XCBuildConfiguration section */
		1E8A419123531F14007B4542 /* Debug */ = {
			isa = XCBuildConfiguration;
			baseConfigurationReference = 1EFAB737235B270C008EE91F /* Config.xcconfig */;
			buildSettings = {
				ALWAYS_SEARCH_USER_PATHS = NO;
				CLANG_ANALYZER_NONNULL = YES;
				CLANG_ANALYZER_NUMBER_OBJECT_CONVERSION = YES_AGGRESSIVE;
				CLANG_CXX_LANGUAGE_STANDARD = "gnu++14";
				CLANG_CXX_LIBRARY = "libc++";
				CLANG_ENABLE_MODULES = YES;
				CLANG_ENABLE_OBJC_ARC = YES;
				CLANG_ENABLE_OBJC_WEAK = YES;
				CLANG_WARN_BLOCK_CAPTURE_AUTORELEASING = YES;
				CLANG_WARN_BOOL_CONVERSION = YES;
				CLANG_WARN_COMMA = YES;
				CLANG_WARN_CONSTANT_CONVERSION = YES;
				CLANG_WARN_DEPRECATED_OBJC_IMPLEMENTATIONS = YES;
				CLANG_WARN_DIRECT_OBJC_ISA_USAGE = YES_ERROR;
				CLANG_WARN_DOCUMENTATION_COMMENTS = YES;
				CLANG_WARN_EMPTY_BODY = YES;
				CLANG_WARN_ENUM_CONVERSION = YES;
				CLANG_WARN_INFINITE_RECURSION = YES;
				CLANG_WARN_INT_CONVERSION = YES;
				CLANG_WARN_NON_LITERAL_NULL_CONVERSION = YES;
				CLANG_WARN_OBJC_IMPLICIT_RETAIN_SELF = YES;
				CLANG_WARN_OBJC_LITERAL_CONVERSION = YES;
				CLANG_WARN_OBJC_ROOT_CLASS = YES_ERROR;
				CLANG_WARN_RANGE_LOOP_ANALYSIS = YES;
				CLANG_WARN_STRICT_PROTOTYPES = YES;
				CLANG_WARN_SUSPICIOUS_MOVE = YES;
				CLANG_WARN_UNGUARDED_AVAILABILITY = YES_AGGRESSIVE;
				CLANG_WARN_UNREACHABLE_CODE = YES;
				CLANG_WARN__DUPLICATE_METHOD_MATCH = YES;
				COPY_PHASE_STRIP = NO;
				DEBUG_INFORMATION_FORMAT = dwarf;
				ENABLE_STRICT_OBJC_MSGSEND = YES;
				ENABLE_TESTABILITY = YES;
				GCC_C_LANGUAGE_STANDARD = gnu11;
				GCC_DYNAMIC_NO_PIC = NO;
				GCC_NO_COMMON_BLOCKS = YES;
				GCC_OPTIMIZATION_LEVEL = 0;
				GCC_PREPROCESSOR_DEFINITIONS = (
					"DEBUG=1",
					"$(inherited)",
				);
				GCC_WARN_64_TO_32_BIT_CONVERSION = YES;
				GCC_WARN_ABOUT_RETURN_TYPE = YES_ERROR;
				GCC_WARN_UNDECLARED_SELECTOR = YES;
				GCC_WARN_UNINITIALIZED_AUTOS = YES_AGGRESSIVE;
				GCC_WARN_UNUSED_FUNCTION = YES;
				GCC_WARN_UNUSED_VARIABLE = YES;
				IPHONEOS_DEPLOYMENT_TARGET = 13.1;
				MTL_ENABLE_DEBUG_INFO = INCLUDE_SOURCE;
				MTL_FAST_MATH = YES;
				ONLY_ACTIVE_ARCH = YES;
				SDKROOT = iphoneos;
				SWIFT_ACTIVE_COMPILATION_CONDITIONS = DEBUG;
				SWIFT_OPTIMIZATION_LEVEL = "-Onone";
			};
			name = Debug;
		};
		1E8A419223531F14007B4542 /* Release */ = {
			isa = XCBuildConfiguration;
			buildSettings = {
				ALWAYS_SEARCH_USER_PATHS = NO;
				CLANG_ANALYZER_NONNULL = YES;
				CLANG_ANALYZER_NUMBER_OBJECT_CONVERSION = YES_AGGRESSIVE;
				CLANG_CXX_LANGUAGE_STANDARD = "gnu++14";
				CLANG_CXX_LIBRARY = "libc++";
				CLANG_ENABLE_MODULES = YES;
				CLANG_ENABLE_OBJC_ARC = YES;
				CLANG_ENABLE_OBJC_WEAK = YES;
				CLANG_WARN_BLOCK_CAPTURE_AUTORELEASING = YES;
				CLANG_WARN_BOOL_CONVERSION = YES;
				CLANG_WARN_COMMA = YES;
				CLANG_WARN_CONSTANT_CONVERSION = YES;
				CLANG_WARN_DEPRECATED_OBJC_IMPLEMENTATIONS = YES;
				CLANG_WARN_DIRECT_OBJC_ISA_USAGE = YES_ERROR;
				CLANG_WARN_DOCUMENTATION_COMMENTS = YES;
				CLANG_WARN_EMPTY_BODY = YES;
				CLANG_WARN_ENUM_CONVERSION = YES;
				CLANG_WARN_INFINITE_RECURSION = YES;
				CLANG_WARN_INT_CONVERSION = YES;
				CLANG_WARN_NON_LITERAL_NULL_CONVERSION = YES;
				CLANG_WARN_OBJC_IMPLICIT_RETAIN_SELF = YES;
				CLANG_WARN_OBJC_LITERAL_CONVERSION = YES;
				CLANG_WARN_OBJC_ROOT_CLASS = YES_ERROR;
				CLANG_WARN_RANGE_LOOP_ANALYSIS = YES;
				CLANG_WARN_STRICT_PROTOTYPES = YES;
				CLANG_WARN_SUSPICIOUS_MOVE = YES;
				CLANG_WARN_UNGUARDED_AVAILABILITY = YES_AGGRESSIVE;
				CLANG_WARN_UNREACHABLE_CODE = YES;
				CLANG_WARN__DUPLICATE_METHOD_MATCH = YES;
				COPY_PHASE_STRIP = NO;
				DEBUG_INFORMATION_FORMAT = "dwarf-with-dsym";
				ENABLE_NS_ASSERTIONS = NO;
				ENABLE_STRICT_OBJC_MSGSEND = YES;
				GCC_C_LANGUAGE_STANDARD = gnu11;
				GCC_NO_COMMON_BLOCKS = YES;
				GCC_WARN_64_TO_32_BIT_CONVERSION = YES;
				GCC_WARN_ABOUT_RETURN_TYPE = YES_ERROR;
				GCC_WARN_UNDECLARED_SELECTOR = YES;
				GCC_WARN_UNINITIALIZED_AUTOS = YES_AGGRESSIVE;
				GCC_WARN_UNUSED_FUNCTION = YES;
				GCC_WARN_UNUSED_VARIABLE = YES;
				IPHONEOS_DEPLOYMENT_TARGET = 13.1;
				MTL_ENABLE_DEBUG_INFO = NO;
				MTL_FAST_MATH = YES;
				SDKROOT = iphoneos;
				SWIFT_COMPILATION_MODE = wholemodule;
				SWIFT_OPTIMIZATION_LEVEL = "-O";
				VALIDATE_PRODUCT = YES;
			};
			name = Release;
		};
		1E8A419423531F14007B4542 /* Debug */ = {
			isa = XCBuildConfiguration;
			baseConfigurationReference = 1EFAB737235B270C008EE91F /* Config.xcconfig */;
			buildSettings = {
				ASSETCATALOG_COMPILER_APPICON_NAME = AppIcon;
				CODE_SIGN_STYLE = Automatic;
				DEVELOPMENT_ASSET_PATHS = "\"WeatherApp2/Preview Content\"";
				DEVELOPMENT_TEAM = JQ7389Q38X;
				ENABLE_PREVIEWS = YES;
				INFOPLIST_FILE = WeatherApp2/Info.plist;
				LD_RUNPATH_SEARCH_PATHS = (
					"$(inherited)",
					"@executable_path/Frameworks",
				);
				MARKETING_VERSION = 2.0;
				PRODUCT_BUNDLE_IDENTIFIER = cn.edu.pku.ss.No1901210574.WeatherApp2;
				PRODUCT_NAME = "$(TARGET_NAME)";
				SWIFT_VERSION = 5.0;
				TARGETED_DEVICE_FAMILY = "1,2";
			};
			name = Debug;
		};
		1E8A419523531F14007B4542 /* Release */ = {
			isa = XCBuildConfiguration;
			buildSettings = {
				ASSETCATALOG_COMPILER_APPICON_NAME = AppIcon;
				CODE_SIGN_STYLE = Automatic;
				DEVELOPMENT_ASSET_PATHS = "\"WeatherApp2/Preview Content\"";
				DEVELOPMENT_TEAM = JQ7389Q38X;
				ENABLE_PREVIEWS = YES;
				INFOPLIST_FILE = WeatherApp2/Info.plist;
				LD_RUNPATH_SEARCH_PATHS = (
					"$(inherited)",
					"@executable_path/Frameworks",
				);
				MARKETING_VERSION = 2.0;
				PRODUCT_BUNDLE_IDENTIFIER = cn.edu.pku.ss.No1901210574.WeatherApp2;
				PRODUCT_NAME = "$(TARGET_NAME)";
				SWIFT_VERSION = 5.0;
				TARGETED_DEVICE_FAMILY = "1,2";
			};
			name = Release;
		};
/* End XCBuildConfiguration section */

/* Begin XCConfigurationList section */
		1E8A417A23531F12007B4542 /* Build configuration list for PBXProject "WeatherApp2" */ = {
			isa = XCConfigurationList;
			buildConfigurations = (
				1E8A419123531F14007B4542 /* Debug */,
				1E8A419223531F14007B4542 /* Release */,
			);
			defaultConfigurationIsVisible = 0;
			defaultConfigurationName = Release;
		};
		1E8A419323531F14007B4542 /* Build configuration list for PBXNativeTarget "WeatherApp2" */ = {
			isa = XCConfigurationList;
			buildConfigurations = (
				1E8A419423531F14007B4542 /* Debug */,
				1E8A419523531F14007B4542 /* Release */,
			);
			defaultConfigurationIsVisible = 0;
			defaultConfigurationName = Release;
		};
/* End XCConfigurationList section */

/* Begin XCVersionGroup section */
		1EFAB73A235C768D008EE91F /* WeatherApp.xcdatamodeld */ = {
			isa = XCVersionGroup;
			children = (
				1EFAB73B235C768D008EE91F /* WeatherApp.xcdatamodel */,
			);
			currentVersion = 1EFAB73B235C768D008EE91F /* WeatherApp.xcdatamodel */;
			path = WeatherApp.xcdatamodeld;
			sourceTree = "<group>";
			versionGroupType = wrapper.xcdatamodel;
		};
/* End XCVersionGroup section */
	};
	rootObject = 1E8A417723531F12007B4542 /* Project object */;
}
